
Microsoft Visual Studio Solution File, Format Version 12.00
# Visual Studio 15
VisualStudioVersion = 15.0.27130.2027
MinimumVisualStudioVersion = 10.0.40219.1
Project("{FAE04EC0-301F-11D3-BF4B-00C04F79EFBC}") = "ConoceAColombia.web", "ConoceAColombia.web\ConoceAColombia.web.csproj", "{7B087A7B-E4CF-4014-A102-01E65A4D17DD}"
EndProject
Project("{FAE04EC0-301F-11D3-BF4B-00C04F79EFBC}") = "ConoceAColombia.logica", "ConoceAColombia.logica\ConoceAColombia.logica.csproj", "{B990894B-8C3C-455A-BA3D-EC56C9BE2133}"
EndProject
Project("{FAE04EC0-301F-11D3-BF4B-00C04F79EFBC}") = "ConoceAColombia.Test", "ConoceAColombia.Test\ConoceAColombia.Test.csproj", "{0BF6ADF9-DD16-4069-B2EB-84FA09F0BFBD}"
EndProject
Global
	GlobalSection(SolutionConfigurationPlatforms) = preSolution
		Debug|Any CPU = Debug|Any CPU
		Release|Any CPU = Release|Any CPU
	EndGlobalSection
	GlobalSection(ProjectConfigurationPlatforms) = postSolution
		{7B087A7B-E4CF-4014-A102-01E65A4D17DD}.Debug|Any CPU.ActiveCfg = Debug|Any CPU
		{7B087A7B-E4CF-4014-A102-01E65A4D17DD}.Debug|Any CPU.Build.0 = Debug|Any CPU
		{7B087A7B-E4CF-4014-A102-01E65A4D17DD}.Release|Any CPU.ActiveCfg = Release|Any CPU
		{7B087A7B-E4CF-4014-A102-01E65A4D17DD}.Release|Any CPU.Build.0 = Release|Any CPU
		{B990894B-8C3C-455A-BA3D-EC56C9BE2133}.Debug|Any CPU.ActiveCfg = Debug|Any CPU
		{B990894B-8C3C-455A-BA3D-EC56C9BE2133}.Debug|Any CPU.Build.0 = Debug|Any CPU
		{B990894B-8C3C-455A-BA3D-EC56C9BE2133}.Release|Any CPU.ActiveCfg = Release|Any CPU
		{B990894B-8C3C-455A-BA3D-EC56C9BE2133}.Release|Any CPU.Build.0 = Release|Any CPU
		{0BF6ADF9-DD16-4069-B2EB-84FA09F0BFBD}.Debug|Any CPU.ActiveCfg = Debug|Any CPU
		{0BF6ADF9-DD16-4069-B2EB-84FA09F0BFBD}.Debug|Any CPU.Build.0 = Debug|Any CPU
		{0BF6ADF9-DD16-4069-B2EB-84FA09F0BFBD}.Release|Any CPU.ActiveCfg = Release|Any CPU
		{0BF6ADF9-DD16-4069-B2EB-84FA09F0BFBD}.Release|Any CPU.Build.0 = Release|Any CPU
	EndGlobalSection
	GlobalSection(SolutionProperties) = preSolution
		HideSolutionNode = FALSE
	EndGlobalSection
	GlobalSection(ExtensibilityGlobals) = postSolution
		SolutionGuid = {93BA22FB-BD33-4D04-BB2A-A1EA1189A371}
	EndGlobalSection
EndGlobal
